lockfileVersion: '9.0'

settings:
  autoInstallPeers: false
  excludeLinksFromLockfile: false

importers:

  .:
    dependencies:
      '@dz23-studio/identity':
        specifier: link:../../../plugins/identity
        version: link:../../../plugins/identity
      '@dz23-studio/policy':
        specifier: link:../../../plugins/policy
        version: link:../../../plugins/policy
      '@dz23-studio/storage-postgres':
        specifier: link:../../../plugins/storage-postgres
        version: link:../../../plugins/storage-postgres
      '@dz23-studio/tenancy':
        specifier: link:../../../plugins/tenancy
        version: link:../../../plugins/tenancy
      '@studio/hello':
        specifier: link:../../../plugins/hello
        version: link:../../../plugins/hello
